
Microsoft Visual Studio Solution File, Format Version 12.00
# Visual Studio 15
Project("{FAE04EC0-301F-11D3-BF4B-00C04F79EFBC}") = "Google.Android.AppBundle.Editor", "Google.Android.AppBundle.Editor.csproj", "{63221FC9-6512-1812-3F13-E203A208CD3C}"
EndProject
Project("{FAE04EC0-301F-11D3-BF4B-00C04F79EFBC}") = "Assembly-CSharp", "Assembly-CSharp.csproj", "{F3C61F2D-C35A-F2C2-F267-6C80CC859799}"
EndProject
Project("{FAE04EC0-301F-11D3-BF4B-00C04F79EFBC}") = "Google.Play.Core", "Google.Play.Core.csproj", "{8EA3184A-A776-D390-08A3-81D30B8910AB}"
EndProject
Project("{FAE04EC0-301F-11D3-BF4B-00C04F79EFBC}") = "Assembly-CSharp-Editor", "Assembly-CSharp-Editor.csproj", "{89A277CD-EE9C-0197-51C5-AC3BD3ADDF99}"
EndProject
Project("{FAE04EC0-301F-11D3-BF4B-00C04F79EFBC}") = "Google.Play.Common", "Google.Play.Common.csproj", "{FEE126D0-10B9-41CB-2A1D-4CFD7DD3BA66}"
EndProject
Project("{FAE04EC0-301F-11D3-BF4B-00C04F79EFBC}") = "Google.Play.Review", "Google.Play.Review.csproj", "{DEA4D27E-27E0-7C50-1D2C-E716541FF186}"
EndProject
Global
	GlobalSection(SolutionConfigurationPlatforms) = preSolution
		Debug|Any CPU = Debug|Any CPU
		Release|Any CPU = Release|Any CPU
	EndGlobalSection
	GlobalSection(ProjectConfigurationPlatforms) = postSolution
		{63221FC9-6512-1812-3F13-E203A208CD3C}.Debug|Any CPU.ActiveCfg = Debug|Any CPU
		{63221FC9-6512-1812-3F13-E203A208CD3C}.Debug|Any CPU.Build.0 = Debug|Any CPU
		{63221FC9-6512-1812-3F13-E203A208CD3C}.Release|Any CPU.ActiveCfg = Release|Any CPU
		{63221FC9-6512-1812-3F13-E203A208CD3C}.Release|Any CPU.Build.0 = Release|Any CPU
		{F3C61F2D-C35A-F2C2-F267-6C80CC859799}.Debug|Any CPU.ActiveCfg = Debug|Any CPU
		{F3C61F2D-C35A-F2C2-F267-6C80CC859799}.Debug|Any CPU.Build.0 = Debug|Any CPU
		{F3C61F2D-C35A-F2C2-F267-6C80CC859799}.Release|Any CPU.ActiveCfg = Release|Any CPU
		{F3C61F2D-C35A-F2C2-F267-6C80CC859799}.Release|Any CPU.Build.0 = Release|Any CPU
		{8EA3184A-A776-D390-08A3-81D30B8910AB}.Debug|Any CPU.ActiveCfg = Debug|Any CPU
		{8EA3184A-A776-D390-08A3-81D30B8910AB}.Debug|Any CPU.Build.0 = Debug|Any CPU
		{8EA3184A-A776-D390-08A3-81D30B8910AB}.Release|Any CPU.ActiveCfg = Release|Any CPU
		{8EA3184A-A776-D390-08A3-81D30B8910AB}.Release|Any CPU.Build.0 = Release|Any CPU
		{89A277CD-EE9C-0197-51C5-AC3BD3ADDF99}.Debug|Any CPU.ActiveCfg = Debug|Any CPU
		{89A277CD-EE9C-0197-51C5-AC3BD3ADDF99}.Debug|Any CPU.Build.0 = Debug|Any CPU
		{89A277CD-EE9C-0197-51C5-AC3BD3ADDF99}.Release|Any CPU.ActiveCfg = Release|Any CPU
		{89A277CD-EE9C-0197-51C5-AC3BD3ADDF99}.Release|Any CPU.Build.0 = Release|Any CPU
		{FEE126D0-10B9-41CB-2A1D-4CFD7DD3BA66}.Debug|Any CPU.ActiveCfg = Debug|Any CPU
		{FEE126D0-10B9-41CB-2A1D-4CFD7DD3BA66}.Debug|Any CPU.Build.0 = Debug|Any CPU
		{FEE126D0-10B9-41CB-2A1D-4CFD7DD3BA66}.Release|Any CPU.ActiveCfg = Release|Any CPU
		{FEE126D0-10B9-41CB-2A1D-4CFD7DD3BA66}.Release|Any CPU.Build.0 = Release|Any CPU
		{DEA4D27E-27E0-7C50-1D2C-E716541FF186}.Debug|Any CPU.ActiveCfg = Debug|Any CPU
		{DEA4D27E-27E0-7C50-1D2C-E716541FF186}.Debug|Any CPU.Build.0 = Debug|Any CPU
		{DEA4D27E-27E0-7C50-1D2C-E716541FF186}.Release|Any CPU.ActiveCfg = Release|Any CPU
		{DEA4D27E-27E0-7C50-1D2C-E716541FF186}.Release|Any CPU.Build.0 = Release|Any CPU
	EndGlobalSection
	GlobalSection(SolutionProperties) = preSolution
		HideSolutionNode = FALSE
	EndGlobalSection
EndGlobal
